Microsoft Visual Studio Solution File, Format Version 11.00
# Visual Studio 2008

Project("{5BC26416-FD3C-56EF-EFA3-FB4FB3056DBE}") = "TestPooling", "Assembly-CSharp.csproj", "{76C9B86A-D647-B006-A631-829D08806129}"
EndProject
Project("{5BC26416-FD3C-56EF-EFA3-FB4FB3056DBE}") = "TestPooling", "Assembly-CSharp-Editor.csproj", "{62F28858-6CE9-55FB-F4D5-7E5743BB9F01}"
EndProject
Global
	GlobalSection(SolutionConfigurationPlatforms) = preSolution
		Debug|Any CPU = Debug|Any CPU
		Release|Any CPU = Release|Any CPU
	EndGlobalSection
	GlobalSection(ProjectConfigurationPlatforms) = postSolution
		{76C9B86A-D647-B006-A631-829D08806129}.Debug|Any CPU.ActiveCfg = Debug|Any CPU
		{76C9B86A-D647-B006-A631-829D08806129}.Debug|Any CPU.Build.0 = Debug|Any CPU
		{76C9B86A-D647-B006-A631-829D08806129}.Release|Any CPU.ActiveCfg = Release|Any CPU
		{76C9B86A-D647-B006-A631-829D08806129}.Release|Any CPU.Build.0 = Release|Any CPU
		{62F28858-6CE9-55FB-F4D5-7E5743BB9F01}.Debug|Any CPU.ActiveCfg = Debug|Any CPU
		{62F28858-6CE9-55FB-F4D5-7E5743BB9F01}.Debug|Any CPU.Build.0 = Debug|Any CPU
		{62F28858-6CE9-55FB-F4D5-7E5743BB9F01}.Release|Any CPU.ActiveCfg = Release|Any CPU
		{62F28858-6CE9-55FB-F4D5-7E5743BB9F01}.Release|Any CPU.Build.0 = Release|Any CPU
	EndGlobalSection
	GlobalSection(SolutionProperties) = preSolution
		HideSolutionNode = FALSE
	EndGlobalSection
	GlobalSection(MonoDevelopProperties) = preSolution
		StartupItem = Assembly-CSharp.csproj
	EndGlobalSection
EndGlobal
